
Microsoft Visual Studio Solution File, Format Version 12.00
# Visual Studio 15
VisualStudioVersion = 15.0.26403.7
MinimumVisualStudioVersion = 10.0.40219.1
Project("{2150E333-8FDC-42A3-9474-1A3956D46DE8}") = "src", "src", "{C3798D8C-01DB-4DF5-B1EA-68F12408B8E2}"
EndProject
Project("{2150E333-8FDC-42A3-9474-1A3956D46DE8}") = "test", "test", "{1D9A6226-3D5E-46E6-BB7E-933E86F97254}"
EndProject
Project("{2150E333-8FDC-42A3-9474-1A3956D46DE8}") = "Solution Items", "Solution Items", "{C8AE836D-EE99-4FB2-BE62-CB4CA7DCDA65}"
	ProjectSection(SolutionItems) = preProject
		README.md = README.md
	EndProjectSection
EndProject
Project("{FAE04EC0-301F-11D3-BF4B-00C04F79EFBC}") = "Oisys.Web", "src\Oisys.Web\Oisys.Web.csproj", "{5C38286F-92F3-4FE4-89F3-2CE669FD74D0}"
EndProject
Project("{FAE04EC0-301F-11D3-BF4B-00C04F79EFBC}") = "Oisys.Service", "src\Oisys.Service\Oisys.Service.csproj", "{F90A47AC-F2B2-4463-98C9-4DF729C20E43}"
EndProject
Project("{FAE04EC0-301F-11D3-BF4B-00C04F79EFBC}") = "Oisys.Service.Tests", "tests\Oisys.Service.Tests\Oisys.Service.Tests.csproj", "{EA7E7613-4EE9-4A92-B3BB-21457953E576}"
EndProject
Global
	GlobalSection(SolutionConfigurationPlatforms) = preSolution
		Debug|Any CPU = Debug|Any CPU
		Release|Any CPU = Release|Any CPU
	EndGlobalSection
	GlobalSection(ProjectConfigurationPlatforms) = postSolution
		{5C38286F-92F3-4FE4-89F3-2CE669FD74D0}.Debug|Any CPU.ActiveCfg = Debug|Any CPU
		{5C38286F-92F3-4FE4-89F3-2CE669FD74D0}.Debug|Any CPU.Build.0 = Debug|Any CPU
		{5C38286F-92F3-4FE4-89F3-2CE669FD74D0}.Release|Any CPU.ActiveCfg = Release|Any CPU
		{5C38286F-92F3-4FE4-89F3-2CE669FD74D0}.Release|Any CPU.Build.0 = Release|Any CPU
		{F90A47AC-F2B2-4463-98C9-4DF729C20E43}.Debug|Any CPU.ActiveCfg = Debug|Any CPU
		{F90A47AC-F2B2-4463-98C9-4DF729C20E43}.Debug|Any CPU.Build.0 = Debug|Any CPU
		{F90A47AC-F2B2-4463-98C9-4DF729C20E43}.Release|Any CPU.ActiveCfg = Release|Any CPU
		{F90A47AC-F2B2-4463-98C9-4DF729C20E43}.Release|Any CPU.Build.0 = Release|Any CPU
		{EA7E7613-4EE9-4A92-B3BB-21457953E576}.Debug|Any CPU.ActiveCfg = Debug|Any CPU
		{EA7E7613-4EE9-4A92-B3BB-21457953E576}.Debug|Any CPU.Build.0 = Debug|Any CPU
		{EA7E7613-4EE9-4A92-B3BB-21457953E576}.Release|Any CPU.ActiveCfg = Release|Any CPU
		{EA7E7613-4EE9-4A92-B3BB-21457953E576}.Release|Any CPU.Build.0 = Release|Any CPU
	EndGlobalSection
	GlobalSection(SolutionProperties) = preSolution
		HideSolutionNode = FALSE
	EndGlobalSection
	GlobalSection(NestedProjects) = preSolution
		{5C38286F-92F3-4FE4-89F3-2CE669FD74D0} = {C3798D8C-01DB-4DF5-B1EA-68F12408B8E2}
		{F90A47AC-F2B2-4463-98C9-4DF729C20E43} = {C3798D8C-01DB-4DF5-B1EA-68F12408B8E2}
		{EA7E7613-4EE9-4A92-B3BB-21457953E576} = {1D9A6226-3D5E-46E6-BB7E-933E86F97254}
	EndGlobalSection
EndGlobal
